<?xml version="1.0" encoding="utf-8"?>
<Project ToolsVersion="4.0" xmlns="http://schemas.microsoft.com/developer/msbuild/2003">
  <ItemGroup>
    <Filter Include="Source Files">
      <UniqueIdentifier>{4FC737F1-C7A5-4376-A066-2A32D752A2FF}</UniqueIdentifier>
      <Extensions>cpp;c;cc;cxx;def;odl;idl;hpj;bat;asm;asmx</Extensions>
    </Filter>
    <Filter Include="Header Files">
      <UniqueIdentifier>{93995380-89BD-4b04-88EB-625FBE52EBFB}</UniqueIdentifier>
      <Extensions>h;hh;hpp;hxx;hm;inl;inc;xsd</Extensions>
    </Filter>
    <Filter Include="Resource Files">
      <UniqueIdentifier>{67DA6AB6-F800-4c08-8B7A-83BB121AAD01}</UniqueIdentifier>
      <Extensions>rc;ico;cur;bmp;dlg;rc2;rct;bin;rgs;gif;jpg;jpeg;jpe;resx;tiff;tif;png;wav;mfcribbon-ms</Extensions>
    </Filter>
  </ItemGroup>
  <ItemGroup>
    <ClCompile Include="Debug\Debugger.cpp">
      <Filter>Source Files</Filter>
    </ClCompile>
    <ClCompile Include="Debug\MemoryLeakTracker.cpp">
      <Filter>Source Files</Filter>
    </ClCompile>
    <ClCompile Include="Model\Node\LightNode.cpp">
      <Filter>Source Files</Filter>
    </ClCompile>
    <ClCompile Include="Model\Node\ModelNode.cpp">
      <Filter>Source Files</Filter>
    </ClCompile>
    <ClCompile Include="Model\Node\Node.cpp">
      <Filter>Source Files</Filter>
    </ClCompile>
    <ClCompile Include="Model\Node\TransformationNode.cpp">
      <Filter>Source Files</Filter>
    </ClCompile>
    <ClCompile Include="Model\Mesh.cpp">
      <Filter>Source Files</Filter>
    </ClCompile>
    <ClCompile Include="Model\ModelLoader.cpp">
      <Filter>Source Files</Filter>
    </ClCompile>
    <ClCompile Include="Camera.cpp">
      <Filter>Source Files</Filter>
    </ClCompile>
    <ClCompile Include="GBuffer.cpp">
      <Filter>Source Files</Filter>
    </ClCompile>
    <ClCompile Include="Initialization.cpp">
      <Filter>Source Files</Filter>
    </ClCompile>
    <ClCompile Include="RenderLoop.cpp">
      <Filter>Source Files</Filter>
    </ClCompile>
    <ClCompile Include="Shader.cpp">
      <Filter>Source Files</Filter>
    </ClCompile>
    <ClCompile Include="SoundManager.cpp">
      <Filter>Source Files</Filter>
    </ClCompile>
    <ClCompile Include="start.cpp">
      <Filter>Source Files</Filter>
    </ClCompile>
    <ClCompile Include="Text.cpp">
      <Filter>Source Files</Filter>
    </ClCompile>
    <ClCompile Include="Model\Frustum.cpp">
      <Filter>Source Files</Filter>
    </ClCompile>
  </ItemGroup>
  <ItemGroup>
    <ClInclude Include="Debug\Debugger.hpp">
      <Filter>Header Files</Filter>
    </ClInclude>
    <ClInclude Include="Debug\MemoryLeakTracker.h">
      <Filter>Header Files</Filter>
    </ClInclude>
    <ClInclude Include="Model\Node\LightNode.hpp">
      <Filter>Header Files</Filter>
    </ClInclude>
    <ClInclude Include="Model\Node\ModelNode.hpp">
      <Filter>Header Files</Filter>
    </ClInclude>
    <ClInclude Include="Model\Node\Node.hpp">
      <Filter>Header Files</Filter>
    </ClInclude>
    <ClInclude Include="Model\Node\TransformationNode.hpp">
      <Filter>Header Files</Filter>
    </ClInclude>
    <ClInclude Include="Model\Mesh.hpp">
      <Filter>Header Files</Filter>
    </ClInclude>
    <ClInclude Include="Model\ModelLoader.hpp">
      <Filter>Header Files</Filter>
    </ClInclude>
    <ClInclude Include="Camera.hpp">
      <Filter>Header Files</Filter>
    </ClInclude>
    <ClInclude Include="GBuffer.hpp">
      <Filter>Header Files</Filter>
    </ClInclude>
    <ClInclude Include="Initialization.hpp">
      <Filter>Header Files</Filter>
    </ClInclude>
    <ClInclude Include="RenderLoop.hpp">
      <Filter>Header Files</Filter>
    </ClInclude>
    <ClInclude Include="Shader.hpp">
      <Filter>Header Files</Filter>
    </ClInclude>
    <ClInclude Include="SoundManager.hpp">
      <Filter>Header Files</Filter>
    </ClInclude>
    <ClInclude Include="start.hpp">
      <Filter>Header Files</Filter>
    </ClInclude>
    <ClInclude Include="Text.hpp">
      <Filter>Header Files</Filter>
    </ClInclude>
    <ClInclude Include="Model\Frustum.hpp">
      <Filter>Header Files</Filter>
    </ClInclude>
  </ItemGroup>
</Project>